// !$*UTF8*$!
{
	archiveVersion = 1;
	classes = {
	};
	objectVersion = 46;
	objects = {

/* Begin PBXBuildFile section */
		85280F261F8ED6990001FB04 /* AppDelegate.swift in Sources */ = {isa = PBXBuildFile; fileRef = 85280F251F8ED6990001FB04 /* AppDelegate.swift */; };
		85280F281F8ED6990001FB04 /* ViewController.swift in Sources */ = {isa = PBXBuildFile; fileRef = 85280F271F8ED6990001FB04 /* ViewController.swift */; };
		85280F2B1F8ED6990001FB04 /* Main.storyboard in Resources */ = {isa = PBXBuildFile; fileRef = 85280F291F8ED6990001FB04 /* Main.storyboard */; };
		85280F2D1F8ED6990001FB04 /* Assets.xcassets in Resources */ = {isa = PBXBuildFile; fileRef = 85280F2C1F8ED6990001FB04 /* Assets.xcassets */; };
		85280F301F8ED6990001FB04 /* LaunchScreen.storyboard in Resources */ = {isa = PBXBuildFile; fileRef = 85280F2E1F8ED6990001FB04 /* LaunchScreen.storyboard */; };
		85280F381F8ED9560001FB04 /* DatePickerViewController.swift in Sources */ = {isa = PBXBuildFile; fileRef = 85280F371F8ED9560001FB04 /* DatePickerViewController.swift */; };
		85280F3A1F8ED9F90001FB04 /* SingleComponentPickerViewController.swift in Sources */ = {isa = PBXBuildFile; fileRef = 85280F391F8ED9F90001FB04 /* SingleComponentPickerViewController.swift */; };
		85280F3C1F8EDA100001FB04 /* DoubleComponentPickerViewController.swift in Sources */ = {isa = PBXBuildFile; fileRef = 85280F3B1F8EDA100001FB04 /* DoubleComponentPickerViewController.swift */; };
		85280F3E1F8EDA2C0001FB04 /* DependentComponentPickerViewController.swift in Sources */ = {isa = PBXBuildFile; fileRef = 85280F3D1F8EDA2C0001FB04 /* DependentComponentPickerViewController.swift */; };
		85280F401F8EDA470001FB04 /* CustomPickerViewController.swift in Sources */ = {isa = PBXBuildFile; fileRef = 85280F3F1F8EDA470001FB04 /* CustomPickerViewController.swift */; };
/* End PBXBuildFile section */

/* Begin PBXFileReference section */
		85280F221F8ED6990001FB04 /* MAPD714-F2017-Lesson6.app */ = {isa = PBXFileReference; explicitFileType = wrapper.application; includeInIndex = 0; path = "MAPD714-F2017-Lesson6.app"; sourceTree = BUILT_PRODUCTS_DIR; };
		85280F251F8ED6990001FB04 /* AppDelegate.swift */ = {isa = PBXFileReference; lastKnownFileType = sourcecode.swift; path = AppDelegate.swift; sourceTree = "<group>"; };
		85280F271F8ED6990001FB04 /* ViewController.swift */ = {isa = PBXFileReference; lastKnownFileType = sourcecode.swift; path = ViewController.swift; sourceTree = "<group>"; };
		85280F2A1F8ED6990001FB04 /* Base */ = {isa = PBXFileReference; lastKnownFileType = file.storyboard; name = Base; path = Base.lproj/Main.storyboard; sourceTree = "<group>"; };
		85280F2C1F8ED6990001FB04 /* Assets.xcassets */ = {isa = PBXFileReference; lastKnownFileType = folder.assetcatalog; path = Assets.xcassets; sourceTree = "<group>"; };
		85280F2F1F8ED6990001FB04 /* Base */ = {isa = PBXFileReference; lastKnownFileType = file.storyboard; name = Base; path = Base.lproj/LaunchScreen.storyboard; sourceTree = "<group>"; };
		85280F311F8ED6990001FB04 /* Info.plist */ = {isa = PBXFileReference; lastKnownFileType = text.plist.xml; path = Info.plist; sourceTree = "<group>"; };
		85280F371F8ED9560001FB04 /* DatePickerViewController.swift */ = {isa = PBXFileReference; fileEncoding = 4; lastKnownFileType = sourcecode.swift; path = DatePickerViewController.swift; sourceTree = "<group>"; };
		85280F391F8ED9F90001FB04 /* SingleComponentPickerViewController.swift */ = {isa = PBXFileReference; fileEncoding = 4; lastKnownFileType = sourcecode.swift; path = SingleComponentPickerViewController.swift; sourceTree = "<group>"; };
		85280F3B1F8EDA100001FB04 /* DoubleComponentPickerViewController.swift */ = {isa = PBXFileReference; fileEncoding = 4; lastKnownFileType = sourcecode.swift; path = DoubleComponentPickerViewController.swift; sourceTree = "<group>"; };
		85280F3D1F8EDA2C0001FB04 /* DependentComponentPickerViewController.swift */ = {isa = PBXFileReference; fileEncoding = 4; lastKnownFileType = sourcecode.swift; path = DependentComponentPickerViewController.swift; sourceTree = "<group>"; };
		85280F3F1F8EDA470001FB04 /* CustomPickerViewController.swift */ = {isa = PBXFileReference; fileEncoding = 4; lastKnownFileType = sourcecode.swift; path = CustomPickerViewController.swift; sourceTree = "<group>"; };
/* End PBXFileReference section */

/* Begin PBXFrameworksBuildPhase section */
		85280F1F1F8ED6990001FB04 /* Frameworks */ = {
			isa = PBXFrameworksBuildPhase;
			buildActionMask = 2147483647;
			files = (
			);
			runOnlyForDeploymentPostprocessing = 0;
		};
/* End PBXFrameworksBuildPhase section */

/* Begin PBXGroup section */
		85280F191F8ED6990001FB04 = {
			isa = PBXGroup;
			children = (
				85280F241F8ED6990001FB04 /* MAPD714-F2017-Lesson6 */,
				85280F231F8ED6990001FB04 /* Products */,
			);
			sourceTree = "<group>";
		};
		85280F231F8ED6990001FB04 /* Products */ = {
			isa = PBXGroup;
			children = (
				85280F221F8ED6990001FB04 /* MAPD714-F2017-Lesson6.app */,
			);
			name = Products;
			sourceTree = "<group>";
		};
		85280F241F8ED6990001FB04 /* MAPD714-F2017-Lesson6 */ = {
			isa = PBXGroup;
			children = (
				85280F251F8ED6990001FB04 /* AppDelegate.swift */,
				85280F271F8ED6990001FB04 /* ViewController.swift */,
				85280F371F8ED9560001FB04 /* DatePickerViewController.swift */,
				85280F291F8ED6990001FB04 /* Main.storyboard */,
				85280F2C1F8ED6990001FB04 /* Assets.xcassets */,
				85280F2E1F8ED6990001FB04 /* LaunchScreen.storyboard */,
				85280F311F8ED6990001FB04 /* Info.plist */,
				85280F391F8ED9F90001FB04 /* SingleComponentPickerViewController.swift */,
				85280F3B1F8EDA100001FB04 /* DoubleComponentPickerViewController.swift */,
				85280F3D1F8EDA2C0001FB04 /* DependentComponentPickerViewController.swift */,
				85280F3F1F8EDA470001FB04 /* CustomPickerViewController.swift */,
			);
			path = "MAPD714-F2017-Lesson6";
			sourceTree = "<group>";
		};
/* End PBXGroup section */

/* Begin PBXNativeTarget section */
		85280F211F8ED6990001FB04 /* MAPD714-F2017-Lesson6 */ = {
			isa = PBXNativeTarget;
			buildConfigurationList = 85280F341F8ED6990001FB04 /* Build configuration list for PBXNativeTarget "MAPD714-F2017-Lesson6" */;
			buildPhases = (
				85280F1E1F8ED6990001FB04 /* Sources */,
				85280F1F1F8ED6990001FB04 /* Frameworks */,
				85280F201F8ED6990001FB04 /* Resources */,
			);
			buildRules = (
			);
			dependencies = (
			);
			name = "MAPD714-F2017-Lesson6";
			productName = "MAPD714-F2017-Lesson6";
			productReference = 85280F221F8ED6990001FB04 /* MAPD714-F2017-Lesson6.app */;
			productType = "com.apple.product-type.application";
		};
/* End PBXNativeTarget section */

/* Begin PBXProject section */
		85280F1A1F8ED6990001FB04 /* Project object */ = {
			isa = PBXProject;
			attributes = {
				LastSwiftUpdateCheck = 0830;
				LastUpgradeCheck = 0830;
				ORGANIZATIONNAME = "Amandeep Sekhon";
				TargetAttributes = {
					85280F211F8ED6990001FB04 = {
						CreatedOnToolsVersion = 8.3.3;
						ProvisioningStyle = Automatic;
					};
				};
			};
			buildConfigurationList = 85280F1D1F8ED6990001FB04 /* Build configuration list for PBXProject "MAPD714-F2017-Lesson6" */;
			compatibilityVersion = "Xcode 3.2";
			developmentRegion = English;
			hasScannedForEncodings = 0;
			knownRegions = (
				en,
				Base,
			);
			mainGroup = 85280F191F8ED6990001FB04;
			productRefGroup = 85280F231F8ED6990001FB04 /* Products */;
			projectDirPath = "";
			projectRoot = "";
			targets = (
				85280F211F8ED6990001FB04 /* MAPD714-F2017-Lesson6 */,
			);
		};
/* End PBXProject section */

/* Begin PBXResourcesBuildPhase section */
		85280F201F8ED6990001FB04 /* Resources */ = {
			isa = PBXResourcesBuildPhase;
			buildActionMask = 2147483647;
			files = (
				85280F301F8ED6990001FB04 /* LaunchScreen.storyboard in Resources */,
				85280F2D1F8ED6990001FB04 /* Assets.xcassets in Resources */,
				85280F2B1F8ED6990001FB04 /* Main.storyboard in Resources */,
			);
			runOnlyForDeploymentPostprocessing = 0;
		};
/* End PBXResourcesBuildPhase section */

/* Begin PBXSourcesBuildPhase section */
		85280F1E1F8ED6990001FB04 /* Sources */ = {
			isa = PBXSourcesBuildPhase;
			buildActionMask = 2147483647;
			files = (
				85280F281F8ED6990001FB04 /* ViewController.swift in Sources */,
				85280F261F8ED6990001FB04 /* AppDelegate.swift in Sources */,
				85280F3E1F8EDA2C0001FB04 /* DependentComponentPickerViewController.swift in Sources */,
				85280F3C1F8EDA100001FB04 /* DoubleComponentPickerViewController.swift in Sources */,
				85280F401F8EDA470001FB04 /* CustomPickerViewController.swift in Sources */,
				85280F3A1F8ED9F90001FB04 /* SingleComponentPickerViewController.swift in Sources */,
				85280F381F8ED9560001FB04 /* DatePickerViewController.swift in Sources */,
			);
			runOnlyForDeploymentPostprocessing = 0;
		};
/* End PBXSourcesBuildPhase section */

/* Begin PBXVariantGroup section */
		85280F291F8ED6990001FB04 /* Main.storyboard */ = {
			isa = PBXVariantGroup;
			children = (
				85280F2A1F8ED6990001FB04 /* Base */,
			);
			name = Main.storyboard;
			sourceTree = "<group>";
		};
		85280F2E1F8ED6990001FB04 /* LaunchScreen.storyboard */ = {
			isa = PBXVariantGroup;
			children = (
				85280F2F1F8ED6990001FB04 /* Base */,
			);
			name = LaunchScreen.storyboard;
			sourceTree = "<group>";
		};
/* End PBXVariantGroup section */

/* Begin XCBuildConfiguration section */
		85280F321F8ED6990001FB04 /* Debug */ = {
			isa = XCBuildConfiguration;
			buildSettings = {
				ALWAYS_SEARCH_USER_PATHS = NO;
				CLANG_ANALYZER_NONNULL = YES;
				CLANG_ANALYZER_NUMBER_OBJECT_CONVERSION = YES_AGGRESSIVE;
				CLANG_CXX_LANGUAGE_STANDARD = "gnu++0x";
				CLANG_CXX_LIBRARY = "libc++";
				CLANG_ENABLE_MODULES = YES;
				CLANG_ENABLE_OBJC_ARC = YES;
				CLANG_WARN_BOOL_CONVERSION = YES;
				CLANG_WARN_CONSTANT_CONVERSION = YES;
				CLANG_WARN_DIRECT_OBJC_ISA_USAGE = YES_ERROR;
				CLANG_WARN_DOCUMENTATION_COMMENTS = YES;
				CLANG_WARN_EMPTY_BODY = YES;
				CLANG_WARN_ENUM_CONVERSION = YES;
				CLANG_WARN_INFINITE_RECURSION = YES;
				CLANG_WARN_INT_CONVERSION = YES;
				CLANG_WARN_OBJC_ROOT_CLASS = YES_ERROR;
				CLANG_WARN_SUSPICIOUS_MOVE = YES;
				CLANG_WARN_UNREACHABLE_CODE = YES;
				CLANG_WARN__DUPLICATE_METHOD_MATCH = YES;
				"CODE_SIGN_IDENTITY[sdk=iphoneos*]" = "iPhone Developer";
				COPY_PHASE_STRIP = NO;
				DEBUG_INFORMATION_FORMAT = dwarf;
				ENABLE_STRICT_OBJC_MSGSEND = YES;
				ENABLE_TESTABILITY = YES;
				GCC_C_LANGUAGE_STANDARD = gnu99;
				GCC_DYNAMIC_NO_PIC = NO;
				GCC_NO_COMMON_BLOCKS = YES;
				GCC_OPTIMIZATION_LEVEL = 0;
				GCC_PREPROCESSOR_DEFINITIONS = (
					"DEBUG=1",
					"$(inherited)",
				);
				GCC_WARN_64_TO_32_BIT_CONVERSION = YES;
				GCC_WARN_ABOUT_RETURN_TYPE = YES_ERROR;
				GCC_WARN_UNDECLARED_SELECTOR = YES;
				GCC_WARN_UNINITIALIZED_AUTOS = YES_AGGRESSIVE;
				GCC_WARN_UNUSED_FUNCTION = YES;
				GCC_WARN_UNUSED_VARIABLE = YES;
				IPHONEOS_DEPLOYMENT_TARGET = 10.3;
				MTL_ENABLE_DEBUG_INFO = YES;
				ONLY_ACTIVE_ARCH = YES;
				SDKROOT = iphoneos;
				SWIFT_ACTIVE_COMPILATION_CONDITIONS = DEBUG;
				SWIFT_OPTIMIZATION_LEVEL = "-Onone";
			};
			name = Debug;
		};
		85280F331F8ED6990001FB04 /* Release */ = {
			isa = XCBuildConfiguration;
			buildSettings = {
				ALWAYS_SEARCH_USER_PATHS = NO;
				CLANG_ANALYZER_NONNULL = YES;
				CLANG_ANALYZER_NUMBER_OBJECT_CONVERSION = YES_AGGRESSIVE;
				CLANG_CXX_LANGUAGE_STANDARD = "gnu++0x";
				CLANG_CXX_LIBRARY = "libc++";
				CLANG_ENABLE_MODULES = YES;
				CLANG_ENABLE_OBJC_ARC = YES;
				CLANG_WARN_BOOL_CONVERSION = YES;
				CLANG_WARN_CONSTANT_CONVERSION = YES;
				CLANG_WARN_DIRECT_OBJC_ISA_USAGE = YES_ERROR;
				CLANG_WARN_DOCUMENTATION_COMMENTS = YES;
				CLANG_WARN_EMPTY_BODY = YES;
				CLANG_WARN_ENUM_CONVERSION = YES;
				CLANG_WARN_INFINITE_RECURSION = YES;
				CLANG_WARN_INT_CONVERSION = YES;
				CLANG_WARN_OBJC_ROOT_CLASS = YES_ERROR;
				CLANG_WARN_SUSPICIOUS_MOVE = YES;
				CLANG_WARN_UNREACHABLE_CODE = YES;
				CLANG_WARN__DUPLICATE_METHOD_MATCH = YES;
				"CODE_SIGN_IDENTITY[sdk=iphoneos*]" = "iPhone Developer";
				COPY_PHASE_STRIP = NO;
				DEBUG_INFORMATION_FORMAT = "dwarf-with-dsym";
				ENABLE_NS_ASSERTIONS = NO;
				ENABLE_STRICT_OBJC_MSGSEND = YES;
				GCC_C_LANGUAGE_STANDARD = gnu99;
				GCC_NO_COMMON_BLOCKS = YES;
				GCC_WARN_64_TO_32_BIT_CONVERSION = YES;
				GCC_WARN_ABOUT_RETURN_TYPE = YES_ERROR;
				GCC_WARN_UNDECLARED_SELECTOR = YES;
				GCC_WARN_UNINITIALIZED_AUTOS = YES_AGGRESSIVE;
				GCC_WARN_UNUSED_FUNCTION = YES;
				GCC_WARN_UNUSED_VARIABLE = YES;
				IPHONEOS_DEPLOYMENT_TARGET = 10.3;
				MTL_ENABLE_DEBUG_INFO = NO;
				SDKROOT = iphoneos;
				SWIFT_OPTIMIZATION_LEVEL = "-Owholemodule";
				VALIDATE_PRODUCT = YES;
			};
			name = Release;
		};
		85280F351F8ED6990001FB04 /* Debug */ = {
			isa = XCBuildConfiguration;
			buildSettings = {
				ASSETCATALOG_COMPILER_APPICON_NAME = AppIcon;
				INFOPLIST_FILE = "MAPD714-F2017-Lesson6/Info.plist";
				LD_RUNPATH_SEARCH_PATHS = "$(inherited) @executable_path/Frameworks";
				PRODUCT_BUNDLE_IDENTIFIER = "com.amandeep.MAPD714-F2017-Lesson6";
				PRODUCT_NAME = "$(TARGET_NAME)";
				SWIFT_VERSION = 3.0;
			};
			name = Debug;
		};
		85280F361F8ED6990001FB04 /* Release */ = {
			isa = XCBuildConfiguration;
			buildSettings = {
				ASSETCATALOG_COMPILER_APPICON_NAME = AppIcon;
				INFOPLIST_FILE = "MAPD714-F2017-Lesson6/Info.plist";
				LD_RUNPATH_SEARCH_PATHS = "$(inherited) @executable_path/Frameworks";
				PRODUCT_BUNDLE_IDENTIFIER = "com.amandeep.MAPD714-F2017-Lesson6";
				PRODUCT_NAME = "$(TARGET_NAME)";
				SWIFT_VERSION = 3.0;
			};
			name = Release;
		};
/* End XCBuildConfiguration section */

/* Begin XCConfigurationList section */
		85280F1D1F8ED6990001FB04 /* Build configuration list for PBXProject "MAPD714-F2017-Lesson6" */ = {
			isa = XCConfigurationList;
			buildConfigurations = (
				85280F321F8ED6990001FB04 /* Debug */,
				85280F331F8ED6990001FB04 /* Release */,
			);
			defaultConfigurationIsVisible = 0;
			defaultConfigurationName = Release;
		};
		85280F341F8ED6990001FB04 /* Build configuration list for PBXNativeTarget "MAPD714-F2017-Lesson6" */ = {
			isa = XCConfigurationList;
			buildConfigurations = (
				85280F351F8ED6990001FB04 /* Debug */,
				85280F361F8ED6990001FB04 /* Release */,
			);
			defaultConfigurationIsVisible = 0;
		};
/* End XCConfigurationList section */
	};
	rootObject = 85280F1A1F8ED6990001FB04 /* Project object */;
}
